
Microsoft Visual Studio Solution File, Format Version 12.00
# Visual Studio Version 17
VisualStudioVersion = 17.10.35004.147
MinimumVisualStudioVersion = 10.0.40219.1
Project("{FAE04EC0-301F-11D3-BF4B-00C04F79EFBC}") = "pz1_penkina", "pz1_penkina\pz1_penkina.csproj", "{4F62C2A1-C52B-4D81-B8BC-7167B6BCE5F0}"
EndProject
Global
	GlobalSection(SolutionConfigurationPlatforms) = preSolution
		Debug|Any CPU = Debug|Any CPU
		Release|Any CPU = Release|Any CPU
	EndGlobalSection
	GlobalSection(ProjectConfigurationPlatforms) = postSolution
		{4F62C2A1-C52B-4D81-B8BC-7167B6BCE5F0}.Debug|Any CPU.ActiveCfg = Debug|Any CPU
		{4F62C2A1-C52B-4D81-B8BC-7167B6BCE5F0}.Debug|Any CPU.Build.0 = Debug|Any CPU
		{4F62C2A1-C52B-4D81-B8BC-7167B6BCE5F0}.Release|Any CPU.ActiveCfg = Release|Any CPU
		{4F62C2A1-C52B-4D81-B8BC-7167B6BCE5F0}.Release|Any CPU.Build.0 = Release|Any CPU
	EndGlobalSection
	GlobalSection(SolutionProperties) = preSolution
		HideSolutionNode = FALSE
	EndGlobalSection
	GlobalSection(ExtensibilityGlobals) = postSolution
		SolutionGuid = {12483C95-5B13-4AEE-B4DD-1175E8E78828}
	EndGlobalSection
EndGlobal
